
Microsoft Visual Studio Solution File, Format Version 12.00
# Visual Studio Version 16
VisualStudioVersion = 16.0.30413.136
MinimumVisualStudioVersion = 10.0.40219.1
Project("{FAE04EC0-301F-11D3-BF4B-00C04F79EFBC}") = "handsOnWorkIII", "handsOnWorkIII.csproj", "{01E65BC1-3D62-4A4D-8A58-694918EFA08F}"
EndProject
Global
	GlobalSection(SolutionConfigurationPlatforms) = preSolution
		Debug|Any CPU = Debug|Any CPU
		Release|Any CPU = Release|Any CPU
	EndGlobalSection
	GlobalSection(ProjectConfigurationPlatforms) = postSolution
		{01E65BC1-3D62-4A4D-8A58-694918EFA08F}.Debug|Any CPU.ActiveCfg = Debug|Any CPU
		{01E65BC1-3D62-4A4D-8A58-694918EFA08F}.Debug|Any CPU.Build.0 = Debug|Any CPU
		{01E65BC1-3D62-4A4D-8A58-694918EFA08F}.Release|Any CPU.ActiveCfg = Release|Any CPU
		{01E65BC1-3D62-4A4D-8A58-694918EFA08F}.Release|Any CPU.Build.0 = Release|Any CPU
	EndGlobalSection
	GlobalSection(SolutionProperties) = preSolution
		HideSolutionNode = FALSE
	EndGlobalSection
	GlobalSection(ExtensibilityGlobals) = postSolution
		SolutionGuid = {EE112709-7739-47ED-A10B-A74BEEF3C71C}
	EndGlobalSection
EndGlobal
